
Microsoft Visual Studio Solution File, Format Version 12.00
# Visual Studio Version 18
VisualStudioVersion = 18.10.12210.168 stable
MinimumVisualStudioVersion = 10.0.40219.1
Project("{FAE04EC0-301F-11D3-BF4B-00C04F79EFBC}") = "RM.Extensions.Configuration.AWSSecretsManager", "RM.Extensions.Configuration.AWSSecretsManager\RM.Extensions.Configuration.AWSSecretsManager.csproj", "{9BABCEEA-642D-4FCC-9B0D-CBF01B5E809F}"
EndProject
Project("{FAE04EC0-301F-11D3-BF4B-00C04F79EFBC}") = "UnitTests", "UnitTests\UnitTests.csproj", "{6E2561A6-A9A0-8B76-749F-D9DB18D15A3F}"
EndProject
Global
	GlobalSection(SolutionConfigurationPlatforms) = preSolution
		Debug|Any CPU = Debug|Any CPU
		Release|Any CPU = Release|Any CPU
	EndGlobalSection
	GlobalSection(ProjectConfigurationPlatforms) = postSolution
		{9BABCEEA-642D-4FCC-9B0D-CBF01B5E809F}.Debug|Any CPU.ActiveCfg = Debug|Any CPU
		{9BABCEEA-642D-4FCC-9B0D-CBF01B5E809F}.Debug|Any CPU.Build.0 = Debug|Any CPU
		{9BABCEEA-642D-4FCC-9B0D-CBF01B5E809F}.Release|Any CPU.ActiveCfg = Release|Any CPU
		{9BABCEEA-642D-4FCC-9B0D-CBF01B5E809F}.Release|Any CPU.Build.0 = Release|Any CPU
		{6E2561A6-A9A0-8B76-749F-D9DB18D15A3F}.Debug|Any CPU.ActiveCfg = Debug|Any CPU
		{6E2561A6-A9A0-8B76-749F-D9DB18D15A3F}.Debug|Any CPU.Build.0 = Debug|Any CPU
		{6E2561A6-A9A0-8B76-749F-D9DB18D15A3F}.Release|Any CPU.ActiveCfg = Release|Any CPU
		{6E2561A6-A9A0-8B76-749F-D9DB18D15A3F}.Release|Any CPU.Build.0 = Release|Any CPU
	EndGlobalSection
	GlobalSection(SolutionProperties) = preSolution
		HideSolutionNode = FALSE
	EndGlobalSection
	GlobalSection(ExtensibilityGlobals) = postSolution
		SolutionGuid = {F328398B-2371-4B74-8253-071616CBC6EC}
	EndGlobalSection
EndGlobal
