
Microsoft Visual Studio Solution File, Format Version 12.00
# Visual Studio Version 17
VisualStudioVersion = 17.14.36429.23 d17.14
MinimumVisualStudioVersion = 10.0.40219.1
Project("{FAE04EC0-301F-11D3-BF4B-00C04F79EFBC}") = "RM.Extensions.Configuration.AWSSecretsManager", "RM.Extensions.Configuration.AWSSecretsManager\RM.Extensions.Configuration.AWSSecretsManager.csproj", "{86545B9D-AD7C-4B72-A285-2BEE9FAF3F7D}"
EndProject
Global
	GlobalSection(SolutionConfigurationPlatforms) = preSolution
		Debug|Any CPU = Debug|Any CPU
		Release|Any CPU = Release|Any CPU
	EndGlobalSection
	GlobalSection(ProjectConfigurationPlatforms) = postSolution
		{86545B9D-AD7C-4B72-A285-2BEE9FAF3F7D}.Debug|Any CPU.ActiveCfg = Debug|Any CPU
		{86545B9D-AD7C-4B72-A285-2BEE9FAF3F7D}.Debug|Any CPU.Build.0 = Debug|Any CPU
		{86545B9D-AD7C-4B72-A285-2BEE9FAF3F7D}.Release|Any CPU.ActiveCfg = Release|Any CPU
		{86545B9D-AD7C-4B72-A285-2BEE9FAF3F7D}.Release|Any CPU.Build.0 = Release|Any CPU
	EndGlobalSection
	GlobalSection(SolutionProperties) = preSolution
		HideSolutionNode = FALSE
	EndGlobalSection
	GlobalSection(ExtensibilityGlobals) = postSolution
		SolutionGuid = {104CC4FB-77DD-4A18-A91A-14D9C2892CCB}
	EndGlobalSection
EndGlobal
